
Microsoft Visual Studio Solution File, Format Version 12.00
# Visual Studio Version 16
VisualStudioVersion = 16.0.30804.86
MinimumVisualStudioVersion = 10.0.40219.1
Project("{FAE04EC0-301F-11D3-BF4B-00C04F79EFBC}") = "projeto-teste", "projeto-teste.csproj", "{3AA480D4-0D20-4A9F-AFAB-AF4230E0BBE5}"
EndProject
Global
	GlobalSection(SolutionConfigurationPlatforms) = preSolution
		Debug|Any CPU = Debug|Any CPU
		Release|Any CPU = Release|Any CPU
	EndGlobalSection
	GlobalSection(ProjectConfigurationPlatforms) = postSolution
		{3AA480D4-0D20-4A9F-AFAB-AF4230E0BBE5}.Debug|Any CPU.ActiveCfg = Debug|Any CPU
		{3AA480D4-0D20-4A9F-AFAB-AF4230E0BBE5}.Debug|Any CPU.Build.0 = Debug|Any CPU
		{3AA480D4-0D20-4A9F-AFAB-AF4230E0BBE5}.Release|Any CPU.ActiveCfg = Release|Any CPU
		{3AA480D4-0D20-4A9F-AFAB-AF4230E0BBE5}.Release|Any CPU.Build.0 = Release|Any CPU
	EndGlobalSection
	GlobalSection(SolutionProperties) = preSolution
		HideSolutionNode = FALSE
	EndGlobalSection
	GlobalSection(ExtensibilityGlobals) = postSolution
		SolutionGuid = {D6AECD1F-142C-4C4A-AC7B-DB8A14BD7E2E}
	EndGlobalSection
EndGlobal
